Microsoft Visual Studio Solution File, Format Version 12.00
# Visual Studio Version 17
VisualStudioVersion = 17.14.36109.1
MinimumVisualStudioVersion = 16.0.0.0
Project("{FAE04EC0-301F-11D3-BF4B-00C04F79EFBC}") = "NanoUIDemo.Windows", "NanoUIDemo.Windows\NanoUIDemo.Windows.csproj", "{5A820BDA-CC0F-4B26-A361-FEBC36690145}"
EndProject
Project("{FAE04EC0-301F-11D3-BF4B-00C04F79EFBC}") = "NanoUIDemo.Game", "NanoUIDemo.Game\NanoUIDemo.Game.csproj", "{D7EA1FE5-AA53-4089-A01F-CB60AE625439}"
EndProject
Global
	GlobalSection(SolutionConfigurationPlatforms) = preSolution
		Debug|Any CPU = Debug|Any CPU
		Release|Any CPU = Release|Any CPU
	EndGlobalSection
	GlobalSection(ProjectConfigurationPlatforms) = postSolution
		{5A820BDA-CC0F-4B26-A361-FEBC36690145}.Debug|Any CPU.ActiveCfg = Debug|Any CPU
		{5A820BDA-CC0F-4B26-A361-FEBC36690145}.Debug|Any CPU.Build.0 = Debug|Any CPU
		{5A820BDA-CC0F-4B26-A361-FEBC36690145}.Release|Any CPU.ActiveCfg = Release|Any CPU
		{5A820BDA-CC0F-4B26-A361-FEBC36690145}.Release|Any CPU.Build.0 = Release|Any CPU
		{D7EA1FE5-AA53-4089-A01F-CB60AE625439}.Debug|Any CPU.ActiveCfg = Debug|Any CPU
		{D7EA1FE5-AA53-4089-A01F-CB60AE625439}.Debug|Any CPU.Build.0 = Debug|Any CPU
		{D7EA1FE5-AA53-4089-A01F-CB60AE625439}.Release|Any CPU.ActiveCfg = Release|Any CPU
		{D7EA1FE5-AA53-4089-A01F-CB60AE625439}.Release|Any CPU.Build.0 = Release|Any CPU
	EndGlobalSection
	GlobalSection(SolutionProperties) = preSolution
		HideSolutionNode = FALSE
	EndGlobalSection
EndGlobal
