Microsoft Visual Studio Solution File, Format Version 12.00
# Visual Studio Version 17
VisualStudioVersion = 17.14.36109.1
MinimumVisualStudioVersion = 16.0.0.0
Project("{2150E333-8FDC-42A3-9474-1A3956D46DE8}") = "Nano", "Nano", "{02EA681E-C7D8-13C7-8484-4AC65E1B71E8}"
EndProject
Project("{FAE04EC0-301F-11D3-BF4B-00C04F79EFBC}") = "NanoUIDemos", "..\NanoUI\samples\NanoUIDemos\NanoUIDemos.csproj", "{DD9A9C5A-950E-D42E-8999-DCBB9B7C8A7D}"
EndProject
Project("{FAE04EC0-301F-11D3-BF4B-00C04F79EFBC}") = "NanoUI", "..\NanoUI\source\NanoUI.csproj", "{C26920E7-98A2-17B8-63A1-223E1883A575}"
EndProject
Project("{FAE04EC0-301F-11D3-BF4B-00C04F79EFBC}") = "NanoUIDemo.CodeOnly", "NanoUIDemo.CodeOnly\NanoUIDemo.CodeOnly.csproj", "{A15DB929-EDEF-4F64-8166-6DD0ACFA7395}"
EndProject
Project("{FAE04EC0-301F-11D3-BF4B-00C04F79EFBC}") = "VeldridExample", "..\NanoUI\samples\VeldridExample\VeldridExample.csproj", "{44DCBA0F-3955-B34B-BFF8-AC6BC33FEE43}"
EndProject
Global
	GlobalSection(SolutionConfigurationPlatforms) = preSolution
		Debug|Any CPU = Debug|Any CPU
		Release|Any CPU = Release|Any CPU
	EndGlobalSection
	GlobalSection(ProjectConfigurationPlatforms) = postSolution
		{DD9A9C5A-950E-D42E-8999-DCBB9B7C8A7D}.Debug|Any CPU.ActiveCfg = Debug|Any CPU
		{DD9A9C5A-950E-D42E-8999-DCBB9B7C8A7D}.Debug|Any CPU.Build.0 = Debug|Any CPU
		{DD9A9C5A-950E-D42E-8999-DCBB9B7C8A7D}.Release|Any CPU.ActiveCfg = Release|Any CPU
		{DD9A9C5A-950E-D42E-8999-DCBB9B7C8A7D}.Release|Any CPU.Build.0 = Release|Any CPU
		{C26920E7-98A2-17B8-63A1-223E1883A575}.Debug|Any CPU.ActiveCfg = Debug|Any CPU
		{C26920E7-98A2-17B8-63A1-223E1883A575}.Debug|Any CPU.Build.0 = Debug|Any CPU
		{C26920E7-98A2-17B8-63A1-223E1883A575}.Release|Any CPU.ActiveCfg = Release|Any CPU
		{C26920E7-98A2-17B8-63A1-223E1883A575}.Release|Any CPU.Build.0 = Release|Any CPU
		{A15DB929-EDEF-4F64-8166-6DD0ACFA7395}.Debug|Any CPU.ActiveCfg = Debug|Any CPU
		{A15DB929-EDEF-4F64-8166-6DD0ACFA7395}.Debug|Any CPU.Build.0 = Debug|Any CPU
		{A15DB929-EDEF-4F64-8166-6DD0ACFA7395}.Release|Any CPU.ActiveCfg = Release|Any CPU
		{A15DB929-EDEF-4F64-8166-6DD0ACFA7395}.Release|Any CPU.Build.0 = Release|Any CPU
		{44DCBA0F-3955-B34B-BFF8-AC6BC33FEE43}.Debug|Any CPU.ActiveCfg = Debug|Any CPU
		{44DCBA0F-3955-B34B-BFF8-AC6BC33FEE43}.Debug|Any CPU.Build.0 = Debug|Any CPU
		{44DCBA0F-3955-B34B-BFF8-AC6BC33FEE43}.Release|Any CPU.ActiveCfg = Release|Any CPU
		{44DCBA0F-3955-B34B-BFF8-AC6BC33FEE43}.Release|Any CPU.Build.0 = Release|Any CPU
	EndGlobalSection
	GlobalSection(SolutionProperties) = preSolution
		HideSolutionNode = FALSE
	EndGlobalSection
	GlobalSection(NestedProjects) = preSolution
		{DD9A9C5A-950E-D42E-8999-DCBB9B7C8A7D} = {02EA681E-C7D8-13C7-8484-4AC65E1B71E8}
		{C26920E7-98A2-17B8-63A1-223E1883A575} = {02EA681E-C7D8-13C7-8484-4AC65E1B71E8}
		{44DCBA0F-3955-B34B-BFF8-AC6BC33FEE43} = {02EA681E-C7D8-13C7-8484-4AC65E1B71E8}
	EndGlobalSection
	GlobalSection(ExtensibilityGlobals) = postSolution
		SolutionGuid = {D117CBBF-E632-4131-BC88-0A7564928C44}
	EndGlobalSection
EndGlobal
